
Microsoft Visual Studio Solution File, Format Version 12.00
# Visual Studio Version 17
VisualStudioVersion = 17.9.34714.143
MinimumVisualStudioVersion = 10.0.40219.1
Project("{FAE04EC0-301F-11D3-BF4B-00C04F79EFBC}") = "Biblioteca2024", "Biblioteca2024\Biblioteca2024.csproj", "{AE9AEAB5-1279-4DA8-A5F6-B7D0E6ACA92A}"
EndProject
Global
	GlobalSection(SolutionConfigurationPlatforms) = preSolution
		Debug|Any CPU = Debug|Any CPU
		Release|Any CPU = Release|Any CPU
	EndGlobalSection
	GlobalSection(ProjectConfigurationPlatforms) = postSolution
		{AE9AEAB5-1279-4DA8-A5F6-B7D0E6ACA92A}.Debug|Any CPU.ActiveCfg = Debug|Any CPU
		{AE9AEAB5-1279-4DA8-A5F6-B7D0E6ACA92A}.Debug|Any CPU.Build.0 = Debug|Any CPU
		{AE9AEAB5-1279-4DA8-A5F6-B7D0E6ACA92A}.Release|Any CPU.ActiveCfg = Release|Any CPU
		{AE9AEAB5-1279-4DA8-A5F6-B7D0E6ACA92A}.Release|Any CPU.Build.0 = Release|Any CPU
	EndGlobalSection
	GlobalSection(SolutionProperties) = preSolution
		HideSolutionNode = FALSE
	EndGlobalSection
	GlobalSection(ExtensibilityGlobals) = postSolution
		SolutionGuid = {8081921C-6A91-4E6E-B13D-A8F7E874AAAB}
	EndGlobalSection
EndGlobal
